Microsoft Visual Studio Solution File, Format Version 12.00
# Visual Studio Version 17
VisualStudioVersion = 17.5.2.0
MinimumVisualStudioVersion = 10.0.40219.1
Project("{FAE04EC0-301F-11D3-BF4B-00C04F79EFBC}") = "DocuTrack.App", "DocuTrack.App\DocuTrack.App.csproj", "{21BA8D00-6E03-7C9B-5380-0D401FB1CAEA}"
EndProject
Global
	GlobalSection(SolutionConfigurationPlatforms) = preSolution
		Debug|Any CPU = Debug|Any CPU
		Release|Any CPU = Release|Any CPU
	EndGlobalSection
	GlobalSection(ProjectConfigurationPlatforms) = postSolution
		{21BA8D00-6E03-7C9B-5380-0D401FB1CAEA}.Debug|Any CPU.ActiveCfg = Debug|Any CPU
		{21BA8D00-6E03-7C9B-5380-0D401FB1CAEA}.Debug|Any CPU.Build.0 = Debug|Any CPU
		{21BA8D00-6E03-7C9B-5380-0D401FB1CAEA}.Release|Any CPU.ActiveCfg = Release|Any CPU
		{21BA8D00-6E03-7C9B-5380-0D401FB1CAEA}.Release|Any CPU.Build.0 = Release|Any CPU
	EndGlobalSection
	GlobalSection(SolutionProperties) = preSolution
		HideSolutionNode = FALSE
	EndGlobalSection
	GlobalSection(ExtensibilityGlobals) = postSolution
		SolutionGuid = {03ABF857-5763-4745-8C5C-22A4427C72B5}
	EndGlobalSection
EndGlobal
